
Microsoft Visual Studio Solution File, Format Version 12.00
# Visual Studio Version 17
VisualStudioVersion = 17.10.35013.160
MinimumVisualStudioVersion = 10.0.40219.1
Project("{9A19103F-16F7-4668-BE54-9A1E7A4F7556}") = "SimulationEvolutionForms", "SimulationEvolutionForms\SimulationEvolutionForms.csproj", "{50BFF3C0-2314-4018-A98D-8153B6A43D09}"
EndProject
Global
	GlobalSection(SolutionConfigurationPlatforms) = preSolution
		Debug|Any CPU = Debug|Any CPU
		Release|Any CPU = Release|Any CPU
	EndGlobalSection
	GlobalSection(ProjectConfigurationPlatforms) = postSolution
		{50BFF3C0-2314-4018-A98D-8153B6A43D09}.Debug|Any CPU.ActiveCfg = Debug|Any CPU
		{50BFF3C0-2314-4018-A98D-8153B6A43D09}.Debug|Any CPU.Build.0 = Debug|Any CPU
		{50BFF3C0-2314-4018-A98D-8153B6A43D09}.Release|Any CPU.ActiveCfg = Release|Any CPU
		{50BFF3C0-2314-4018-A98D-8153B6A43D09}.Release|Any CPU.Build.0 = Release|Any CPU
	EndGlobalSection
	GlobalSection(SolutionProperties) = preSolution
		HideSolutionNode = FALSE
	EndGlobalSection
	GlobalSection(ExtensibilityGlobals) = postSolution
		    SolutionGuid = {AAC60CE7-8C10-499B-AAFE-66D220B63813}
	EndGlobalSection
EndGlobal
